
Microsoft Visual Studio Solution File, Format Version 12.00
# Visual Studio Version 17
VisualStudioVersion = 17.4.33213.308
MinimumVisualStudioVersion = 10.0.40219.1
Project("{9A19103F-16F7-4668-BE54-9A1E7A4F7556}") = "TestExercise", "TestExercise.csproj", "{9710D407-CCE0-4604-8B0E-30A97D30AD64}"
EndProject
Global
	GlobalSection(SolutionConfigurationPlatforms) = preSolution
		Debug|Any CPU = Debug|Any CPU
		Release|Any CPU = Release|Any CPU
	EndGlobalSection
	GlobalSection(ProjectConfigurationPlatforms) = postSolution
		{9710D407-CCE0-4604-8B0E-30A97D30AD64}.Debug|Any CPU.ActiveCfg = Debug|Any CPU
		{9710D407-CCE0-4604-8B0E-30A97D30AD64}.Debug|Any CPU.Build.0 = Debug|Any CPU
		{9710D407-CCE0-4604-8B0E-30A97D30AD64}.Release|Any CPU.ActiveCfg = Release|Any CPU
		{9710D407-CCE0-4604-8B0E-30A97D30AD64}.Release|Any CPU.Build.0 = Release|Any CPU
	EndGlobalSection
	GlobalSection(SolutionProperties) = preSolution
		HideSolutionNode = FALSE
	EndGlobalSection
	GlobalSection(ExtensibilityGlobals) = postSolution
		SolutionGuid = {292CE6B8-52CE-45CB-8AC6-FEC26525277C}
	EndGlobalSection
EndGlobal
